{
  "name": "codex-visual-qa-runtime",
  "version": "file:../../../../.mirasim/skills/visual-qa/runtime",
  "lockfileVersion": 3,
  "requires": true,
  "packages": {
    "": {
      "name": "codex-visual-qa-runtime",
      "dependencies": {
        "playwright-core": "1.51.1"
      }
    },
    "../../../../.mirasim/skills/visual-qa/runtime/node_modules/playwright-core": {
      "version": "1.51.1",
      "resolved": "https://registry.npmjs.org/playwright-core/-/playwright-core-1.51.1.tgz",
      "integrity": "sha512-/crRMj8+j/Nq5s8QcvegseuyeZPxpQCZb6HNk3Sos3BlZyAknRjoyJPFWkpNn8v0+P3WiwqFF8P+zQo4eqiNuw==",
      "license": "Apache-2.0",
      "bin": {
        "playwright-core": "cli.js"
      },
      "engines": {
        "node": ">=18"
      }
    }
  }
}
